// !$*UTF8*$!
{
	archiveVersion = 1;
	classes = {
	};
	objectVersion = 46;
	objects = {

/* Begin PBXBuildFile section */
		077046AD180FA9C900382427 /* UIKit.framework in Frameworks */ = {isa = PBXBuildFile; fileRef = 077046AC180FA9C900382427 /* UIKit.framework */; };
		077046AF180FA9C900382427 /* Foundation.framework in Frameworks */ = {isa = PBXBuildFile; fileRef = 077046AE180FA9C900382427 /* Foundation.framework */; };
		077046B1180FA9C900382427 /* CoreGraphics.framework in Frameworks */ = {isa = PBXBuildFile; fileRef = 077046B0180FA9C900382427 /* CoreGraphics.framework */; };
		077046B7180FA9C900382427 /* InfoPlist.strings in Resources */ = {isa = PBXBuildFile; fileRef = 077046B5180FA9C900382427 /* InfoPlist.strings */; };
		077046B9180FA9C900382427 /* main.m in Sources */ = {isa = PBXBuildFile; fileRef = 077046B8180FA9C900382427 /* main.m */; };
		077046BD180FA9C900382427 /* EJBAppDelegate.m in Sources */ = {isa = PBXBuildFile; fileRef = 077046BC180FA9C900382427 /* EJBAppDelegate.m */; };
		077046BF180FA9C900382427 /* Default.png in Resources */ = {isa = PBXBuildFile; fileRef = 077046BE180FA9C900382427 /* Default.png */; };
		077046C1180FA9C900382427 /* Default@2x.png in Resources */ = {isa = PBXBuildFile; fileRef = 077046C0180FA9C900382427 /* Default@2x.png */; };
		077046C3180FA9C900382427 /* Default-568h@2x.png in Resources */ = {isa = PBXBuildFile; fileRef = 077046C2180FA9C900382427 /* Default-568h@2x.png */; };
		077046C6180FA9C900382427 /* MainStoryboard.storyboard in Resources */ = {isa = PBXBuildFile; fileRef = 077046C4180FA9C900382427 /* MainStoryboard.storyboard */; };
		077046C9180FA9C900382427 /* EJBViewController.m in Sources */ = {isa = PBXBuildFile; fileRef = 077046C8180FA9C900382427 /* EJBViewController.m */; };
/* End PBXBuildFile section */

/* Begin PBXFileReference section */
		077046A9180FA9C900382427 /* EJB_MockRemoteControl.app */ = {isa = PBXFileReference; explicitFileType = wrapper.application; includeInIndex = 0; path = EJB_MockRemoteControl.app; sourceTree = BUILT_PRODUCTS_DIR; };
		077046AC180FA9C900382427 /* UIKit.framework */ = {isa = PBXFileReference; lastKnownFileType = wrapper.framework; name = UIKit.framework; path = System/Library/Frameworks/UIKit.framework; sourceTree = SDKROOT; };
		077046AE180FA9C900382427 /* Foundation.framework */ = {isa = PBXFileReference; lastKnownFileType = wrapper.framework; name = Foundation.framework; path = System/Library/Frameworks/Foundation.framework; sourceTree = SDKROOT; };
		077046B0180FA9C900382427 /* CoreGraphics.framework */ = {isa = PBXFileReference; lastKnownFileType = wrapper.framework; name = CoreGraphics.framework; path = System/Library/Frameworks/CoreGraphics.framework; sourceTree = SDKROOT; };
		077046B4180FA9C900382427 /* EJB_MockRemoteControl-Info.plist */ = {isa = PBXFileReference; lastKnownFileType = text.plist.xml; path = "EJB_MockRemoteControl-Info.plist"; sourceTree = "<group>"; };
		077046B6180FA9C900382427 /* en */ = {isa = PBXFileReference; lastKnownFileType = text.plist.strings; name = en; path = en.lproj/InfoPlist.strings; sourceTree = "<group>"; };
		077046B8180FA9C900382427 /* main.m */ = {isa = PBXFileReference; lastKnownFileType = sourcecode.c.objc; path = main.m; sourceTree = "<group>"; };
		077046BA180FA9C900382427 /* EJB_MockRemoteControl-Prefix.pch */ = {isa = PBXFileReference; lastKnownFileType = sourcecode.c.h; path = "EJB_MockRemoteControl-Prefix.pch"; sourceTree = "<group>"; };
		077046BB180FA9C900382427 /* EJBAppDelegate.h */ = {isa = PBXFileReference; lastKnownFileType = sourcecode.c.h; path = EJBAppDelegate.h; sourceTree = "<group>"; };
		077046BC180FA9C900382427 /* EJBAppDelegate.m */ = {isa = PBXFileReference; lastKnownFileType = sourcecode.c.objc; path = EJBAppDelegate.m; sourceTree = "<group>"; };
		077046BE180FA9C900382427 /* Default.png */ = {isa = PBXFileReference; lastKnownFileType = image.png; path = Default.png; sourceTree = "<group>"; };
		077046C0180FA9C900382427 /* Default@2x.png */ = {isa = PBXFileReference; lastKnownFileType = image.png; path = "Default@2x.png"; sourceTree = "<group>"; };
		077046C2180FA9C900382427 /* Default-568h@2x.png */ = {isa = PBXFileReference; lastKnownFileType = image.png; path = "Default-568h@2x.png"; sourceTree = "<group>"; };
		077046C5180FA9C900382427 /* en */ = {isa = PBXFileReference; lastKnownFileType = file.storyboard; name = en; path = en.lproj/MainStoryboard.storyboard; sourceTree = "<group>"; };
		077046C7180FA9C900382427 /* EJBViewController.h */ = {isa = PBXFileReference; lastKnownFileType = sourcecode.c.h; path = EJBViewController.h; sourceTree = "<group>"; };
		077046C8180FA9C900382427 /* EJBViewController.m */ = {isa = PBXFileReference; lastKnownFileType = sourcecode.c.objc; path = EJBViewController.m; sourceTree = "<group>"; };
/* End PBXFileReference section */

/* Begin PBXFrameworksBuildPhase section */
		077046A6180FA9C900382427 /* Frameworks */ = {
			isa = PBXFrameworksBuildPhase;
			buildActionMask = 2147483647;
			files = (
				077046AD180FA9C900382427 /* UIKit.framework in Frameworks */,
				077046AF180FA9C900382427 /* Foundation.framework in Frameworks */,
				077046B1180FA9C900382427 /* CoreGraphics.framework in Frameworks */,
			);
			runOnlyForDeploymentPostprocessing = 0;
		};
/* End PBXFrameworksBuildPhase section */

/* Begin PBXGroup section */
		077046A0180FA9C900382427 = {
			isa = PBXGroup;
			children = (
				077046B2180FA9C900382427 /* EJB_MockRemoteControl */,
				077046AB180FA9C900382427 /* Frameworks */,
				077046AA180FA9C900382427 /* Products */,
			);
			sourceTree = "<group>";
		};
		077046AA180FA9C900382427 /* Products */ = {
			isa = PBXGroup;
			children = (
				077046A9180FA9C900382427 /* EJB_MockRemoteControl.app */,
			);
			name = Products;
			sourceTree = "<group>";
		};
		077046AB180FA9C900382427 /* Frameworks */ = {
			isa = PBXGroup;
			children = (
				077046AC180FA9C900382427 /* UIKit.framework */,
				077046AE180FA9C900382427 /* Foundation.framework */,
				077046B0180FA9C900382427 /* CoreGraphics.framework */,
			);
			name = Frameworks;
			sourceTree = "<group>";
		};
		077046B2180FA9C900382427 /* EJB_MockRemoteControl */ = {
			isa = PBXGroup;
			children = (
				077046BB180FA9C900382427 /* EJBAppDelegate.h */,
				077046BC180FA9C900382427 /* EJBAppDelegate.m */,
				077046C4180FA9C900382427 /* MainStoryboard.storyboard */,
				077046C7180FA9C900382427 /* EJBViewController.h */,
				077046C8180FA9C900382427 /* EJBViewController.m */,
				077046B3180FA9C900382427 /* Supporting Files */,
			);
			path = EJB_MockRemoteControl;
			sourceTree = "<group>";
		};
		077046B3180FA9C900382427 /* Supporting Files */ = {
			isa = PBXGroup;
			children = (
				077046B4180FA9C900382427 /* EJB_MockRemoteControl-Info.plist */,
				077046B5180FA9C900382427 /* InfoPlist.strings */,
				077046B8180FA9C900382427 /* main.m */,
				077046BA180FA9C900382427 /* EJB_MockRemoteControl-Prefix.pch */,
				077046BE180FA9C900382427 /* Default.png */,
				077046C0180FA9C900382427 /* Default@2x.png */,
				077046C2180FA9C900382427 /* Default-568h@2x.png */,
			);
			name = "Supporting Files";
			sourceTree = "<group>";
		};
/* End PBXGroup section */

/* Begin PBXNativeTarget section */
		077046A8180FA9C900382427 /* EJB_MockRemoteControl */ = {
			isa = PBXNativeTarget;
			buildConfigurationList = 077046CC180FA9C900382427 /* Build configuration list for PBXNativeTarget "EJB_MockRemoteControl" */;
			buildPhases = (
				077046A5180FA9C900382427 /* Sources */,
				077046A6180FA9C900382427 /* Frameworks */,
				077046A7180FA9C900382427 /* Resources */,
			);
			buildRules = (
			);
			dependencies = (
			);
			name = EJB_MockRemoteControl;
			productName = EJB_MockRemoteControl;
			productReference = 077046A9180FA9C900382427 /* EJB_MockRemoteControl.app */;
			productType = "com.apple.product-type.application";
		};
/* End PBXNativeTarget section */

/* Begin PBXProject section */
		077046A1180FA9C900382427 /* Project object */ = {
			isa = PBXProject;
			attributes = {
				CLASSPREFIX = EJB;
				LastUpgradeCheck = 0460;
				ORGANIZATIONNAME = "Eric Beasley";
			};
			buildConfigurationList = 077046A4180FA9C900382427 /* Build configuration list for PBXProject "EJB_MockRemoteControl" */;
			compatibilityVersion = "Xcode 3.2";
			developmentRegion = English;
			hasScannedForEncodings = 0;
			knownRegions = (
				en,
			);
			mainGroup = 077046A0180FA9C900382427;
			productRefGroup = 077046AA180FA9C900382427 /* Products */;
			projectDirPath = "";
			projectRoot = "";
			targets = (
				077046A8180FA9C900382427 /* EJB_MockRemoteControl */,
			);
		};
/* End PBXProject section */

/* Begin PBXResourcesBuildPhase section */
		077046A7180FA9C900382427 /* Resources */ = {
			isa = PBXResourcesBuildPhase;
			buildActionMask = 2147483647;
			files = (
				077046B7180FA9C900382427 /* InfoPlist.strings in Resources */,
				077046BF180FA9C900382427 /* Default.png in Resources */,
				077046C1180FA9C900382427 /* Default@2x.png in Resources */,
				077046C3180FA9C900382427 /* Default-568h@2x.png in Resources */,
				077046C6180FA9C900382427 /* MainStoryboard.storyboard in Resources */,
			);
			runOnlyForDeploymentPostprocessing = 0;
		};
/* End PBXResourcesBuildPhase section */

/* Begin PBXSourcesBuildPhase section */
		077046A5180FA9C900382427 /* Sources */ = {
			isa = PBXSourcesBuildPhase;
			buildActionMask = 2147483647;
			files = (
				077046B9180FA9C900382427 /* main.m in Sources */,
				077046BD180FA9C900382427 /* EJBAppDelegate.m in Sources */,
				077046C9180FA9C900382427 /* EJBViewController.m in Sources */,
			);
			runOnlyForDeploymentPostprocessing = 0;
		};
/* End PBXSourcesBuildPhase section */

/* Begin PBXVariantGroup section */
		077046B5180FA9C900382427 /* InfoPlist.strings */ = {
			isa = PBXVariantGroup;
			children = (
				077046B6180FA9C900382427 /* en */,
			);
			name = InfoPlist.strings;
			sourceTree = "<group>";
		};
		077046C4180FA9C900382427 /* MainStoryboard.storyboard */ = {
			isa = PBXVariantGroup;
			children = (
				077046C5180FA9C900382427 /* en */,
			);
			name = MainStoryboard.storyboard;
			sourceTree = "<group>";
		};
/* End PBXVariantGroup section */

/* Begin XCBuildConfiguration section */
		077046CA180FA9C900382427 /* Debug */ = {
			isa = XCBuildConfiguration;
			buildSettings = {
				ALWAYS_SEARCH_USER_PATHS = NO;
				CLANG_CXX_LANGUAGE_STANDARD = "gnu++0x";
				CLANG_CXX_LIBRARY = "libc++";
				CLANG_ENABLE_OBJC_ARC = YES;
				CLANG_WARN_CONSTANT_CONVERSION = YES;
				CLANG_WARN_EMPTY_BODY = YES;
				CLANG_WARN_ENUM_CONVERSION = YES;
				CLANG_WARN_INT_CONVERSION = YES;
				CLANG_WARN__DUPLICATE_METHOD_MATCH = YES;
				"CODE_SIGN_IDENTITY[sdk=iphoneos*]" = "iPhone Developer";
				COPY_PHASE_STRIP = NO;
				GCC_C_LANGUAGE_STANDARD = gnu99;
				GCC_DYNAMIC_NO_PIC = NO;
				GCC_OPTIMIZATION_LEVEL = 0;
				GCC_PREPROCESSOR_DEFINITIONS = (
					"DEBUG=1",
					"$(inherited)",
				);
				GCC_SYMBOLS_PRIVATE_EXTERN = NO;
				GCC_WARN_ABOUT_RETURN_TYPE = YES;
				GCC_WARN_UNINITIALIZED_AUTOS = YES;
				GCC_WARN_UNUSED_VARIABLE = YES;
				IPHONEOS_DEPLOYMENT_TARGET = 6.1;
				ONLY_ACTIVE_ARCH = YES;
				SDKROOT = iphoneos;
			};
			name = Debug;
		};
		077046CB180FA9C900382427 /* Release */ = {
			isa = XCBuildConfiguration;
			buildSettings = {
				ALWAYS_SEARCH_USER_PATHS = NO;
				CLANG_CXX_LANGUAGE_STANDARD = "gnu++0x";
				CLANG_CXX_LIBRARY = "libc++";
				CLANG_ENABLE_OBJC_ARC = YES;
				CLANG_WARN_CONSTANT_CONVERSION = YES;
				CLANG_WARN_EMPTY_BODY = YES;
				CLANG_WARN_ENUM_CONVERSION = YES;
				CLANG_WARN_INT_CONVERSION = YES;
				CLANG_WARN__DUPLICATE_METHOD_MATCH = YES;
				"CODE_SIGN_IDENTITY[sdk=iphoneos*]" = "iPhone Developer";
				COPY_PHASE_STRIP = YES;
				GCC_C_LANGUAGE_STANDARD = gnu99;
				GCC_WARN_ABOUT_RETURN_TYPE = YES;
				GCC_WARN_UNINITIALIZED_AUTOS = YES;
				GCC_WARN_UNUSED_VARIABLE = YES;
				IPHONEOS_DEPLOYMENT_TARGET = 6.1;
				OTHER_CFLAGS = "-DNS_BLOCK_ASSERTIONS=1";
				SDKROOT = iphoneos;
				VALIDATE_PRODUCT = YES;
			};
			name = Release;
		};
		077046CD180FA9C900382427 /* Debug */ = {
			isa = XCBuildConfiguration;
			buildSettings = {
				GCC_PRECOMPILE_PREFIX_HEADER = YES;
				GCC_PREFIX_HEADER = "EJB_MockRemoteControl/EJB_MockRemoteControl-Prefix.pch";
				INFOPLIST_FILE = "EJB_MockRemoteControl/EJB_MockRemoteControl-Info.plist";
				PRODUCT_NAME = "$(TARGET_NAME)";
				WRAPPER_EXTENSION = app;
			};
			name = Debug;
		};
		077046CE180FA9C900382427 /* Release */ = {
			isa = XCBuildConfiguration;
			buildSettings = {
				GCC_PRECOMPILE_PREFIX_HEADER = YES;
				GCC_PREFIX_HEADER = "EJB_MockRemoteControl/EJB_MockRemoteControl-Prefix.pch";
				INFOPLIST_FILE = "EJB_MockRemoteControl/EJB_MockRemoteControl-Info.plist";
				PRODUCT_NAME = "$(TARGET_NAME)";
				WRAPPER_EXTENSION = app;
			};
			name = Release;
		};
/* End XCBuildConfiguration section */

/* Begin XCConfigurationList section */
		077046A4180FA9C900382427 /* Build configuration list for PBXProject "EJB_MockRemoteControl" */ = {
			isa = XCConfigurationList;
			buildConfigurations = (
				077046CA180FA9C900382427 /* Debug */,
				077046CB180FA9C900382427 /* Release */,
			);
			defaultConfigurationIsVisible = 0;
			defaultConfigurationName = Release;
		};
		077046CC180FA9C900382427 /* Build configuration list for PBXNativeTarget "EJB_MockRemoteControl" */ = {
			isa = XCConfigurationList;
			buildConfigurations = (
				077046CD180FA9C900382427 /* Debug */,
				077046CE180FA9C900382427 /* Release */,
			);
			defaultConfigurationIsVisible = 0;
		};
/* End XCConfigurationList section */
	};
	rootObject = 077046A1180FA9C900382427 /* Project object */;
}
